// !$*UTF8*$!
{
	archiveVersion = 1;
	classes = {
	};
	objectVersion = 46;
	objects = {

/* Begin PBXBuildFile section */
		1DDC960369D74AEA8815F590 /* libPods.a in Frameworks */ = {isa = PBXBuildFile; fileRef = 7D4C50220530453D936529F4 /* libPods.a */; };
		CB9A7714188C5A4800D055B4 /* Foundation.framework in Frameworks */ = {isa = PBXBuildFile; fileRef = CB9A7713188C5A4800D055B4 /* Foundation.framework */; };
		CB9A7716188C5A4800D055B4 /* CoreGraphics.framework in Frameworks */ = {isa = PBXBuildFile; fileRef = CB9A7715188C5A4800D055B4 /* CoreGraphics.framework */; };
		CB9A7718188C5A4800D055B4 /* UIKit.framework in Frameworks */ = {isa = PBXBuildFile; fileRef = CB9A7717188C5A4800D055B4 /* UIKit.framework */; };
		CB9A771E188C5A4800D055B4 /* InfoPlist.strings in Resources */ = {isa = PBXBuildFile; fileRef = CB9A771C188C5A4800D055B4 /* InfoPlist.strings */; };
		CB9A7720188C5A4800D055B4 /* main.m in Sources */ = {isa = PBXBuildFile; fileRef = CB9A771F188C5A4800D055B4 /* main.m */; };
		CB9A7724188C5A4800D055B4 /* AppDelegate.m in Sources */ = {isa = PBXBuildFile; fileRef = CB9A7723188C5A4800D055B4 /* AppDelegate.m */; };
		CB9A7727188C5A4800D055B4 /* Main.storyboard in Resources */ = {isa = PBXBuildFile; fileRef = CB9A7725188C5A4800D055B4 /* Main.storyboard */; };
		CB9A772A188C5A4800D055B4 /* ViewController.m in Sources */ = {isa = PBXBuildFile; fileRef = CB9A7729188C5A4800D055B4 /* ViewController.m */; };
		CB9A772C188C5A4800D055B4 /* Images.xcassets in Resources */ = {isa = PBXBuildFile; fileRef = CB9A772B188C5A4800D055B4 /* Images.xcassets */; };
		CB9A7733188C5A4800D055B4 /* XCTest.framework in Frameworks */ = {isa = PBXBuildFile; fileRef = CB9A7732188C5A4800D055B4 /* XCTest.framework */; };
		CB9A7734188C5A4800D055B4 /* Foundation.framework in Frameworks */ = {isa = PBXBuildFile; fileRef = CB9A7713188C5A4800D055B4 /* Foundation.framework */; };
		CB9A7735188C5A4800D055B4 /* UIKit.framework in Frameworks */ = {isa = PBXBuildFile; fileRef = CB9A7717188C5A4800D055B4 /* UIKit.framework */; };
		CB9A773D188C5A4800D055B4 /* InfoPlist.strings in Resources */ = {isa = PBXBuildFile; fileRef = CB9A773B188C5A4800D055B4 /* InfoPlist.strings */; };
		CB9A773F188C5A4800D055B4 /* master_up_hw_2Tests.m in Sources */ = {isa = PBXBuildFile; fileRef = CB9A773E188C5A4800D055B4 /* master_up_hw_2Tests.m */; };
		CB9A774B188C5C6500D055B4 /* User.m in Sources */ = {isa = PBXBuildFile; fileRef = CB9A774A188C5C6500D055B4 /* User.m */; };
		CBA1B65D188C64A5008C046B /* Route.m in Sources */ = {isa = PBXBuildFile; fileRef = CBA1B65C188C64A5008C046B /* Route.m */; };
		CBA1B660188C650C008C046B /* Vehicle.m in Sources */ = {isa = PBXBuildFile; fileRef = CBA1B65F188C650C008C046B /* Vehicle.m */; };
		CBA1B663188C6560008C046B /* Bus.m in Sources */ = {isa = PBXBuildFile; fileRef = CBA1B662188C6560008C046B /* Bus.m */; };
		CBA1B666189055A0008C046B /* MapViewController.m in Sources */ = {isa = PBXBuildFile; fileRef = CBA1B665189055A0008C046B /* MapViewController.m */; };
		CBA1B66818905FE8008C046B /* map.jpg in Resources */ = {isa = PBXBuildFile; fileRef = CBA1B66718905FE8008C046B /* map.jpg */; };
		CBF9535B189982F200ACDC32 /* SidePanelViewController.m in Sources */ = {isa = PBXBuildFile; fileRef = CBF95359189982F200ACDC32 /* SidePanelViewController.m */; };
		CBF9535F18998BA800ACDC32 /* RoutesViewController.m in Sources */ = {isa = PBXBuildFile; fileRef = CBF9535E18998BA800ACDC32 /* RoutesViewController.m */; };
/* End PBXBuildFile section */

/* Begin PBXContainerItemProxy section */
		CB9A7736188C5A4800D055B4 /* PBXContainerItemProxy */ = {
			isa = PBXContainerItemProxy;
			containerPortal = CB9A7708188C5A4800D055B4 /* Project object */;
			proxyType = 1;
			remoteGlobalIDString = CB9A770F188C5A4800D055B4;
			remoteInfo = "master-up.hw.2";
		};
/* End PBXContainerItemProxy section */

/* Begin PBXFileReference section */
		0317B664CAEA4DE2A27A3E6B /* Pods.xcconfig */ = {isa = PBXFileReference; includeInIndex = 1; lastKnownFileType = text.xcconfig; name = Pods.xcconfig; path = Pods/Pods.xcconfig; sourceTree = "<group>"; };
		7D4C50220530453D936529F4 /* libPods.a */ = {isa = PBXFileReference; explicitFileType = archive.ar; includeInIndex = 0; path = libPods.a; sourceTree = BUILT_PRODUCTS_DIR; };
		CB9A7710188C5A4800D055B4 /* master-up.hw.2.app */ = {isa = PBXFileReference; explicitFileType = wrapper.application; includeInIndex = 0; path = "master-up.hw.2.app"; sourceTree = BUILT_PRODUCTS_DIR; };
		CB9A7713188C5A4800D055B4 /* Foundation.framework */ = {isa = PBXFileReference; lastKnownFileType = wrapper.framework; name = Foundation.framework; path = System/Library/Frameworks/Foundation.framework; sourceTree = SDKROOT; };
		CB9A7715188C5A4800D055B4 /* CoreGraphics.framework */ = {isa = PBXFileReference; lastKnownFileType = wrapper.framework; name = CoreGraphics.framework; path = System/Library/Frameworks/CoreGraphics.framework; sourceTree = SDKROOT; };
		CB9A7717188C5A4800D055B4 /* UIKit.framework */ = {isa = PBXFileReference; lastKnownFileType = wrapper.framework; name = UIKit.framework; path = System/Library/Frameworks/UIKit.framework; sourceTree = SDKROOT; };
		CB9A771B188C5A4800D055B4 /* master-up.hw.2-Info.plist */ = {isa = PBXFileReference; lastKnownFileType = text.plist.xml; path = "master-up.hw.2-Info.plist"; sourceTree = "<group>"; };
		CB9A771D188C5A4800D055B4 /* en */ = {isa = PBXFileReference; lastKnownFileType = text.plist.strings; name = en; path = en.lproj/InfoPlist.strings; sourceTree = "<group>"; };
		CB9A771F188C5A4800D055B4 /* main.m */ = {isa = PBXFileReference; lastKnownFileType = sourcecode.c.objc; path = main.m; sourceTree = "<group>"; };
		CB9A7721188C5A4800D055B4 /* master-up.hw.2-Prefix.pch */ = {isa = PBXFileReference; lastKnownFileType = sourcecode.c.h; path = "master-up.hw.2-Prefix.pch"; sourceTree = "<group>"; };
		CB9A7722188C5A4800D055B4 /* AppDelegate.h */ = {isa = PBXFileReference; lastKnownFileType = sourcecode.c.h; path = AppDelegate.h; sourceTree = "<group>"; };
		CB9A7723188C5A4800D055B4 /* AppDelegate.m */ = {isa = PBXFileReference; lastKnownFileType = sourcecode.c.objc; path = AppDelegate.m; sourceTree = "<group>"; };
		CB9A7726188C5A4800D055B4 /* Base */ = {isa = PBXFileReference; lastKnownFileType = file.storyboard; name = Base; path = Base.lproj/Main.storyboard; sourceTree = "<group>"; };
		CB9A7728188C5A4800D055B4 /* ViewController.h */ = {isa = PBXFileReference; lastKnownFileType = sourcecode.c.h; path = ViewController.h; sourceTree = "<group>"; };
		CB9A7729188C5A4800D055B4 /* ViewController.m */ = {isa = PBXFileReference; lastKnownFileType = sourcecode.c.objc; path = ViewController.m; sourceTree = "<group>"; };
		CB9A772B188C5A4800D055B4 /* Images.xcassets */ = {isa = PBXFileReference; lastKnownFileType = folder.assetcatalog; path = Images.xcassets; sourceTree = "<group>"; };
		CB9A7731188C5A4800D055B4 /* master-up.hw.2Tests.xctest */ = {isa = PBXFileReference; explicitFileType = wrapper.cfbundle; includeInIndex = 0; path = "master-up.hw.2Tests.xctest"; sourceTree = BUILT_PRODUCTS_DIR; };
		CB9A7732188C5A4800D055B4 /* XCTest.framework */ = {isa = PBXFileReference; lastKnownFileType = wrapper.framework; name = XCTest.framework; path = Library/Frameworks/XCTest.framework; sourceTree = DEVELOPER_DIR; };
		CB9A773A188C5A4800D055B4 /* master-up.hw.2Tests-Info.plist */ = {isa = PBXFileReference; lastKnownFileType = text.plist.xml; path = "master-up.hw.2Tests-Info.plist"; sourceTree = "<group>"; };
		CB9A773C188C5A4800D055B4 /* en */ = {isa = PBXFileReference; lastKnownFileType = text.plist.strings; name = en; path = en.lproj/InfoPlist.strings; sourceTree = "<group>"; };
		CB9A773E188C5A4800D055B4 /* master_up_hw_2Tests.m */ = {isa = PBXFileReference; lastKnownFileType = sourcecode.c.objc; path = master_up_hw_2Tests.m; sourceTree = "<group>"; };
		CB9A7749188C5C6500D055B4 /* User.h */ = {isa = PBXFileReference; fileEncoding = 4; lastKnownFileType = sourcecode.c.h; path = User.h; sourceTree = "<group>"; };
		CB9A774A188C5C6500D055B4 /* User.m */ = {isa = PBXFileReference; fileEncoding = 4; lastKnownFileType = sourcecode.c.objc; path = User.m; sourceTree = "<group>"; };
		CBA1B65B188C64A5008C046B /* Route.h */ = {isa = PBXFileReference; fileEncoding = 4; lastKnownFileType = sourcecode.c.h; path = Route.h; sourceTree = "<group>"; };
		CBA1B65C188C64A5008C046B /* Route.m */ = {isa = PBXFileReference; fileEncoding = 4; lastKnownFileType = sourcecode.c.objc; path = Route.m; sourceTree = "<group>"; };
		CBA1B65E188C650C008C046B /* Vehicle.h */ = {isa = PBXFileReference; fileEncoding = 4; lastKnownFileType = sourcecode.c.h; path = Vehicle.h; sourceTree = "<group>"; };
		CBA1B65F188C650C008C046B /* Vehicle.m */ = {isa = PBXFileReference; fileEncoding = 4; lastKnownFileType = sourcecode.c.objc; path = Vehicle.m; sourceTree = "<group>"; };
		CBA1B661188C6560008C046B /* Bus.h */ = {isa = PBXFileReference; fileEncoding = 4; lastKnownFileType = sourcecode.c.h; path = Bus.h; sourceTree = "<group>"; };
		CBA1B662188C6560008C046B /* Bus.m */ = {isa = PBXFileReference; fileEncoding = 4; lastKnownFileType = sourcecode.c.objc; path = Bus.m; sourceTree = "<group>"; };
		CBA1B664189055A0008C046B /* MapViewController.h */ = {isa = PBXFileReference; fileEncoding = 4; lastKnownFileType = sourcecode.c.h; path = MapViewController.h; sourceTree = "<group>"; };
		CBA1B665189055A0008C046B /* MapViewController.m */ = {isa = PBXFileReference; fileEncoding = 4; lastKnownFileType = sourcecode.c.objc; path = MapViewController.m; sourceTree = "<group>"; };
		CBA1B66718905FE8008C046B /* map.jpg */ = {isa = PBXFileReference; lastKnownFileType = image.jpeg; name = map.jpg; path = ../../../Dropbox/map.jpg; sourceTree = "<group>"; };
		CBF95358189982F200ACDC32 /* SidePanelViewController.h */ = {isa = PBXFileReference; fileEncoding = 4; lastKnownFileType = sourcecode.c.h; path = SidePanelViewController.h; sourceTree = "<group>"; };
		CBF95359189982F200ACDC32 /* SidePanelViewController.m */ = {isa = PBXFileReference; fileEncoding = 4; lastKnownFileType = sourcecode.c.objc; path = SidePanelViewController.m; sourceTree = "<group>"; };
		CBF9535D18998BA800ACDC32 /* RoutesViewController.h */ = {isa = PBXFileReference; fileEncoding = 4; lastKnownFileType = sourcecode.c.h; path = RoutesViewController.h; sourceTree = "<group>"; };
		CBF9535E18998BA800ACDC32 /* RoutesViewController.m */ = {isa = PBXFileReference; fileEncoding = 4; lastKnownFileType = sourcecode.c.objc; path = RoutesViewController.m; sourceTree = "<group>"; };
		CBF953601899A2E400ACDC32 /* Define.h */ = {isa = PBXFileReference; fileEncoding = 4; lastKnownFileType = sourcecode.c.h; path = Define.h; sourceTree = "<group>"; };
/* End PBXFileReference section */

/* Begin PBXFrameworksBuildPhase section */
		CB9A770D188C5A4800D055B4 /* Frameworks */ = {
			isa = PBXFrameworksBuildPhase;
			buildActionMask = 2147483647;
			files = (
				CB9A7716188C5A4800D055B4 /* CoreGraphics.framework in Frameworks */,
				CB9A7718188C5A4800D055B4 /* UIKit.framework in Frameworks */,
				CB9A7714188C5A4800D055B4 /* Foundation.framework in Frameworks */,
				1DDC960369D74AEA8815F590 /* libPods.a in Frameworks */,
			);
			runOnlyForDeploymentPostprocessing = 0;
		};
		CB9A772E188C5A4800D055B4 /* Frameworks */ = {
			isa = PBXFrameworksBuildPhase;
			buildActionMask = 2147483647;
			files = (
				CB9A7733188C5A4800D055B4 /* XCTest.framework in Frameworks */,
				CB9A7735188C5A4800D055B4 /* UIKit.framework in Frameworks */,
				CB9A7734188C5A4800D055B4 /* Foundation.framework in Frameworks */,
			);
			runOnlyForDeploymentPostprocessing = 0;
		};
/* End PBXFrameworksBuildPhase section */

/* Begin PBXGroup section */
		CB9A7707188C5A4800D055B4 = {
			isa = PBXGroup;
			children = (
				CB9A7719188C5A4800D055B4 /* master-up.hw.2 */,
				CB9A7738188C5A4800D055B4 /* master-up.hw.2Tests */,
				CB9A7712188C5A4800D055B4 /* Frameworks */,
				CB9A7711188C5A4800D055B4 /* Products */,
				0317B664CAEA4DE2A27A3E6B /* Pods.xcconfig */,
			);
			sourceTree = "<group>";
		};
		CB9A7711188C5A4800D055B4 /* Products */ = {
			isa = PBXGroup;
			children = (
				CB9A7710188C5A4800D055B4 /* master-up.hw.2.app */,
				CB9A7731188C5A4800D055B4 /* master-up.hw.2Tests.xctest */,
			);
			name = Products;
			sourceTree = "<group>";
		};
		CB9A7712188C5A4800D055B4 /* Frameworks */ = {
			isa = PBXGroup;
			children = (
				CB9A7713188C5A4800D055B4 /* Foundation.framework */,
				CB9A7715188C5A4800D055B4 /* CoreGraphics.framework */,
				CB9A7717188C5A4800D055B4 /* UIKit.framework */,
				CB9A7732188C5A4800D055B4 /* XCTest.framework */,
				7D4C50220530453D936529F4 /* libPods.a */,
			);
			name = Frameworks;
			sourceTree = "<group>";
		};
		CB9A7719188C5A4800D055B4 /* master-up.hw.2 */ = {
			isa = PBXGroup;
			children = (
				CBA1B66918905FF3008C046B /* Img */,
				CB9A7748188C5C5000D055B4 /* Model */,
				CB9A7722188C5A4800D055B4 /* AppDelegate.h */,
				CB9A7723188C5A4800D055B4 /* AppDelegate.m */,
				CB9A7728188C5A4800D055B4 /* ViewController.h */,
				CB9A7729188C5A4800D055B4 /* ViewController.m */,
				CBA1B664189055A0008C046B /* MapViewController.h */,
				CBA1B665189055A0008C046B /* MapViewController.m */,
				CBF95358189982F200ACDC32 /* SidePanelViewController.h */,
				CBF95359189982F200ACDC32 /* SidePanelViewController.m */,
				CBF9535D18998BA800ACDC32 /* RoutesViewController.h */,
				CBF9535E18998BA800ACDC32 /* RoutesViewController.m */,
				CB9A7725188C5A4800D055B4 /* Main.storyboard */,
				CB9A772B188C5A4800D055B4 /* Images.xcassets */,
				CB9A771A188C5A4800D055B4 /* Supporting Files */,
			);
			path = "master-up.hw.2";
			sourceTree = "<group>";
		};
		CB9A771A188C5A4800D055B4 /* Supporting Files */ = {
			isa = PBXGroup;
			children = (
				CB9A771B188C5A4800D055B4 /* master-up.hw.2-Info.plist */,
				CB9A771C188C5A4800D055B4 /* InfoPlist.strings */,
				CB9A771F188C5A4800D055B4 /* main.m */,
				CB9A7721188C5A4800D055B4 /* master-up.hw.2-Prefix.pch */,
			);
			name = "Supporting Files";
			sourceTree = "<group>";
		};
		CB9A7738188C5A4800D055B4 /* master-up.hw.2Tests */ = {
			isa = PBXGroup;
			children = (
				CB9A773E188C5A4800D055B4 /* master_up_hw_2Tests.m */,
				CB9A7739188C5A4800D055B4 /* Supporting Files */,
			);
			path = "master-up.hw.2Tests";
			sourceTree = "<group>";
		};
		CB9A7739188C5A4800D055B4 /* Supporting Files */ = {
			isa = PBXGroup;
			children = (
				CB9A773A188C5A4800D055B4 /* master-up.hw.2Tests-Info.plist */,
				CB9A773B188C5A4800D055B4 /* InfoPlist.strings */,
			);
			name = "Supporting Files";
			sourceTree = "<group>";
		};
		CB9A7748188C5C5000D055B4 /* Model */ = {
			isa = PBXGroup;
			children = (
				CB9A7749188C5C6500D055B4 /* User.h */,
				CB9A774A188C5C6500D055B4 /* User.m */,
				CBA1B65B188C64A5008C046B /* Route.h */,
				CBA1B65C188C64A5008C046B /* Route.m */,
				CBA1B65E188C650C008C046B /* Vehicle.h */,
				CBA1B65F188C650C008C046B /* Vehicle.m */,
				CBA1B661188C6560008C046B /* Bus.h */,
				CBA1B662188C6560008C046B /* Bus.m */,
				CBF953601899A2E400ACDC32 /* Define.h */,
			);
			name = Model;
			sourceTree = "<group>";
		};
		CBA1B66918905FF3008C046B /* Img */ = {
			isa = PBXGroup;
			children = (
				CBA1B66718905FE8008C046B /* map.jpg */,
			);
			name = Img;
			sourceTree = "<group>";
		};
/* End PBXGroup section */

/* Begin PBXNativeTarget section */
		CB9A770F188C5A4800D055B4 /* master-up.hw.2 */ = {
			isa = PBXNativeTarget;
			buildConfigurationList = CB9A7742188C5A4800D055B4 /* Build configuration list for PBXNativeTarget "master-up.hw.2" */;
			buildPhases = (
				07A8022EDD5E405CB3DC74F4 /* Check Pods Manifest.lock */,
				CB9A770C188C5A4800D055B4 /* Sources */,
				CB9A770D188C5A4800D055B4 /* Frameworks */,
				CB9A770E188C5A4800D055B4 /* Resources */,
				5B8AD44EB266443E96F8C927 /* Copy Pods Resources */,
			);
			buildRules = (
			);
			dependencies = (
			);
			name = "master-up.hw.2";
			productName = "master-up.hw.2";
			productReference = CB9A7710188C5A4800D055B4 /* master-up.hw.2.app */;
			productType = "com.apple.product-type.application";
		};
		CB9A7730188C5A4800D055B4 /* master-up.hw.2Tests */ = {
			isa = PBXNativeTarget;
			buildConfigurationList = CB9A7745188C5A4800D055B4 /* Build configuration list for PBXNativeTarget "master-up.hw.2Tests" */;
			buildPhases = (
				CB9A772D188C5A4800D055B4 /* Sources */,
				CB9A772E188C5A4800D055B4 /* Frameworks */,
				CB9A772F188C5A4800D055B4 /* Resources */,
			);
			buildRules = (
			);
			dependencies = (
				CB9A7737188C5A4800D055B4 /* PBXTargetDependency */,
			);
			name = "master-up.hw.2Tests";
			productName = "master-up.hw.2Tests";
			productReference = CB9A7731188C5A4800D055B4 /* master-up.hw.2Tests.xctest */;
			productType = "com.apple.product-type.bundle.unit-test";
		};
/* End PBXNativeTarget section */

/* Begin PBXProject section */
		CB9A7708188C5A4800D055B4 /* Project object */ = {
			isa = PBXProject;
			attributes = {
				LastUpgradeCheck = 0500;
				ORGANIZATIONNAME = "Alexey Politov";
				TargetAttributes = {
					CB9A7730188C5A4800D055B4 = {
						TestTargetID = CB9A770F188C5A4800D055B4;
					};
				};
			};
			buildConfigurationList = CB9A770B188C5A4800D055B4 /* Build configuration list for PBXProject "master-up.hw.2" */;
			compatibilityVersion = "Xcode 3.2";
			developmentRegion = English;
			hasScannedForEncodings = 0;
			knownRegions = (
				en,
				Base,
			);
			mainGroup = CB9A7707188C5A4800D055B4;
			productRefGroup = CB9A7711188C5A4800D055B4 /* Products */;
			projectDirPath = "";
			projectRoot = "";
			targets = (
				CB9A770F188C5A4800D055B4 /* master-up.hw.2 */,
				CB9A7730188C5A4800D055B4 /* master-up.hw.2Tests */,
			);
		};
/* End PBXProject section */

/* Begin PBXResourcesBuildPhase section */
		CB9A770E188C5A4800D055B4 /* Resources */ = {
			isa = PBXResourcesBuildPhase;
			buildActionMask = 2147483647;
			files = (
				CBA1B66818905FE8008C046B /* map.jpg in Resources */,
				CB9A772C188C5A4800D055B4 /* Images.xcassets in Resources */,
				CB9A771E188C5A4800D055B4 /* InfoPlist.strings in Resources */,
				CB9A7727188C5A4800D055B4 /* Main.storyboard in Resources */,
			);
			runOnlyForDeploymentPostprocessing = 0;
		};
		CB9A772F188C5A4800D055B4 /* Resources */ = {
			isa = PBXResourcesBuildPhase;
			buildActionMask = 2147483647;
			files = (
				CB9A773D188C5A4800D055B4 /* InfoPlist.strings in Resources */,
			);
			runOnlyForDeploymentPostprocessing = 0;
		};
/* End PBXResourcesBuildPhase section */

/* Begin PBXShellScriptBuildPhase section */
		07A8022EDD5E405CB3DC74F4 /* Check Pods Manifest.lock */ = {
			isa = PBXShellScriptBuildPhase;
			buildActionMask = 2147483647;
			files = (
			);
			inputPaths = (
			);
			name = "Check Pods Manifest.lock";
			outputPaths = (
			);
			runOnlyForDeploymentPostprocessing = 0;
			shellPath = /bin/sh;
			shellScript = "diff \"${PODS_ROOT}/../Podfile.lock\" \"${PODS_ROOT}/Manifest.lock\" > /dev/null\nif [[ $? != 0 ]] ; then\n    cat << EOM\nerror: The sandbox is not in sync with the Podfile.lock. Run 'pod install' or update your CocoaPods installation.\nEOM\n    exit 1\nfi\n";
			showEnvVarsInLog = 0;
		};
		5B8AD44EB266443E96F8C927 /* Copy Pods Resources */ = {
			isa = PBXShellScriptBuildPhase;
			buildActionMask = 2147483647;
			files = (
			);
			inputPaths = (
			);
			name = "Copy Pods Resources";
			outputPaths = (
			);
			runOnlyForDeploymentPostprocessing = 0;
			shellPath = /bin/sh;
			shellScript = "\"${SRCROOT}/Pods/Pods-resources.sh\"\n";
			showEnvVarsInLog = 0;
		};
/* End PBXShellScriptBuildPhase section */

/* Begin PBXSourcesBuildPhase section */
		CB9A770C188C5A4800D055B4 /* Sources */ = {
			isa = PBXSourcesBuildPhase;
			buildActionMask = 2147483647;
			files = (
				CBF9535B189982F200ACDC32 /* SidePanelViewController.m in Sources */,
				CBA1B65D188C64A5008C046B /* Route.m in Sources */,
				CB9A774B188C5C6500D055B4 /* User.m in Sources */,
				CBA1B660188C650C008C046B /* Vehicle.m in Sources */,
				CBF9535F18998BA800ACDC32 /* RoutesViewController.m in Sources */,
				CBA1B666189055A0008C046B /* MapViewController.m in Sources */,
				CB9A772A188C5A4800D055B4 /* ViewController.m in Sources */,
				CB9A7724188C5A4800D055B4 /* AppDelegate.m in Sources */,
				CBA1B663188C6560008C046B /* Bus.m in Sources */,
				CB9A7720188C5A4800D055B4 /* main.m in Sources */,
			);
			runOnlyForDeploymentPostprocessing = 0;
		};
		CB9A772D188C5A4800D055B4 /* Sources */ = {
			isa = PBXSourcesBuildPhase;
			buildActionMask = 2147483647;
			files = (
				CB9A773F188C5A4800D055B4 /* master_up_hw_2Tests.m in Sources */,
			);
			runOnlyForDeploymentPostprocessing = 0;
		};
/* End PBXSourcesBuildPhase section */

/* Begin PBXTargetDependency section */
		CB9A7737188C5A4800D055B4 /* PBXTargetDependency */ = {
			isa = PBXTargetDependency;
			target = CB9A770F188C5A4800D055B4 /* master-up.hw.2 */;
			targetProxy = CB9A7736188C5A4800D055B4 /* PBXContainerItemProxy */;
		};
/* End PBXTargetDependency section */

/* Begin PBXVariantGroup section */
		CB9A771C188C5A4800D055B4 /* InfoPlist.strings */ = {
			isa = PBXVariantGroup;
			children = (
				CB9A771D188C5A4800D055B4 /* en */,
			);
			name = InfoPlist.strings;
			sourceTree = "<group>";
		};
		CB9A7725188C5A4800D055B4 /* Main.storyboard */ = {
			isa = PBXVariantGroup;
			children = (
				CB9A7726188C5A4800D055B4 /* Base */,
			);
			name = Main.storyboard;
			sourceTree = "<group>";
		};
		CB9A773B188C5A4800D055B4 /* InfoPlist.strings */ = {
			isa = PBXVariantGroup;
			children = (
				CB9A773C188C5A4800D055B4 /* en */,
			);
			name = InfoPlist.strings;
			sourceTree = "<group>";
		};
/* End PBXVariantGroup section */

/* Begin XCBuildConfiguration section */
		CB9A7740188C5A4800D055B4 /* Debug */ = {
			isa = XCBuildConfiguration;
			buildSettings = {
				ALWAYS_SEARCH_USER_PATHS = NO;
				ARCHS = "$(ARCHS_STANDARD_INCLUDING_64_BIT)";
				CLANG_CXX_LANGUAGE_STANDARD = "gnu++0x";
				CLANG_CXX_LIBRARY = "libc++";
				CLANG_ENABLE_MODULES = YES;
				CLANG_ENABLE_OBJC_ARC = YES;
				CLANG_WARN_BOOL_CONVERSION = YES;
				CLANG_WARN_CONSTANT_CONVERSION = YES;
				CLANG_WARN_DIRECT_OBJC_ISA_USAGE = YES_ERROR;
				CLANG_WARN_EMPTY_BODY = YES;
				CLANG_WARN_ENUM_CONVERSION = YES;
				CLANG_WARN_INT_CONVERSION = YES;
				CLANG_WARN_OBJC_ROOT_CLASS = YES_ERROR;
				CLANG_WARN__DUPLICATE_METHOD_MATCH = YES;
				"CODE_SIGN_IDENTITY[sdk=iphoneos*]" = "iPhone Developer";
				COPY_PHASE_STRIP = NO;
				GCC_C_LANGUAGE_STANDARD = gnu99;
				GCC_DYNAMIC_NO_PIC = NO;
				GCC_OPTIMIZATION_LEVEL = 0;
				GCC_PREPROCESSOR_DEFINITIONS = (
					"DEBUG=1",
					"$(inherited)",
				);
				GCC_SYMBOLS_PRIVATE_EXTERN = NO;
				GCC_WARN_64_TO_32_BIT_CONVERSION = YES;
				GCC_WARN_ABOUT_RETURN_TYPE = YES_ERROR;
				GCC_WARN_UNDECLARED_SELECTOR = YES;
				GCC_WARN_UNINITIALIZED_AUTOS = YES;
				GCC_WARN_UNUSED_FUNCTION = YES;
				GCC_WARN_UNUSED_VARIABLE = YES;
				IPHONEOS_DEPLOYMENT_TARGET = 7.0;
				ONLY_ACTIVE_ARCH = YES;
				SDKROOT = iphoneos;
			};
			name = Debug;
		};
		CB9A7741188C5A4800D055B4 /* Release */ = {
			isa = XCBuildConfiguration;
			buildSettings = {
				ALWAYS_SEARCH_USER_PATHS = NO;
				ARCHS = "$(ARCHS_STANDARD_INCLUDING_64_BIT)";
				CLANG_CXX_LANGUAGE_STANDARD = "gnu++0x";
				CLANG_CXX_LIBRARY = "libc++";
				CLANG_ENABLE_MODULES = YES;
				CLANG_ENABLE_OBJC_ARC = YES;
				CLANG_WARN_BOOL_CONVERSION = YES;
				CLANG_WARN_CONSTANT_CONVERSION = YES;
				CLANG_WARN_DIRECT_OBJC_ISA_USAGE = YES_ERROR;
				CLANG_WARN_EMPTY_BODY = YES;
				CLANG_WARN_ENUM_CONVERSION = YES;
				CLANG_WARN_INT_CONVERSION = YES;
				CLANG_WARN_OBJC_ROOT_CLASS = YES_ERROR;
				CLANG_WARN__DUPLICATE_METHOD_MATCH = YES;
				"CODE_SIGN_IDENTITY[sdk=iphoneos*]" = "iPhone Developer";
				COPY_PHASE_STRIP = YES;
				ENABLE_NS_ASSERTIONS = NO;
				GCC_C_LANGUAGE_STANDARD = gnu99;
				GCC_WARN_64_TO_32_BIT_CONVERSION = YES;
				GCC_WARN_ABOUT_RETURN_TYPE = YES_ERROR;
				GCC_WARN_UNDECLARED_SELECTOR = YES;
				GCC_WARN_UNINITIALIZED_AUTOS = YES;
				GCC_WARN_UNUSED_FUNCTION = YES;
				GCC_WARN_UNUSED_VARIABLE = YES;
				IPHONEOS_DEPLOYMENT_TARGET = 7.0;
				SDKROOT = iphoneos;
				VALIDATE_PRODUCT = YES;
			};
			name = Release;
		};
		CB9A7743188C5A4800D055B4 /* Debug */ = {
			isa = XCBuildConfiguration;
			baseConfigurationReference = 0317B664CAEA4DE2A27A3E6B /* Pods.xcconfig */;
			buildSettings = {
				ASSETCATALOG_COMPILER_APPICON_NAME = AppIcon;
				ASSETCATALOG_COMPILER_LAUNCHIMAGE_NAME = LaunchImage;
				GCC_PRECOMPILE_PREFIX_HEADER = YES;
				GCC_PREFIX_HEADER = "master-up.hw.2/master-up.hw.2-Prefix.pch";
				INFOPLIST_FILE = "master-up.hw.2/master-up.hw.2-Info.plist";
				PRODUCT_NAME = "$(TARGET_NAME)";
				WRAPPER_EXTENSION = app;
			};
			name = Debug;
		};
		CB9A7744188C5A4800D055B4 /* Release */ = {
			isa = XCBuildConfiguration;
			baseConfigurationReference = 0317B664CAEA4DE2A27A3E6B /* Pods.xcconfig */;
			buildSettings = {
				ASSETCATALOG_COMPILER_APPICON_NAME = AppIcon;
				ASSETCATALOG_COMPILER_LAUNCHIMAGE_NAME = LaunchImage;
				GCC_PRECOMPILE_PREFIX_HEADER = YES;
				GCC_PREFIX_HEADER = "master-up.hw.2/master-up.hw.2-Prefix.pch";
				INFOPLIST_FILE = "master-up.hw.2/master-up.hw.2-Info.plist";
				PRODUCT_NAME = "$(TARGET_NAME)";
				WRAPPER_EXTENSION = app;
			};
			name = Release;
		};
		CB9A7746188C5A4800D055B4 /* Debug */ = {
			isa = XCBuildConfiguration;
			buildSettings = {
				ARCHS = "$(ARCHS_STANDARD_INCLUDING_64_BIT)";
				BUNDLE_LOADER = "$(BUILT_PRODUCTS_DIR)/master-up.hw.2.app/master-up.hw.2";
				FRAMEWORK_SEARCH_PATHS = (
					"$(SDKROOT)/Developer/Library/Frameworks",
					"$(inherited)",
					"$(DEVELOPER_FRAMEWORKS_DIR)",
				);
				GCC_PRECOMPILE_PREFIX_HEADER = YES;
				GCC_PREFIX_HEADER = "master-up.hw.2/master-up.hw.2-Prefix.pch";
				GCC_PREPROCESSOR_DEFINITIONS = (
					"DEBUG=1",
					"$(inherited)",
				);
				INFOPLIST_FILE = "master-up.hw.2Tests/master-up.hw.2Tests-Info.plist";
				PRODUCT_NAME = "$(TARGET_NAME)";
				TEST_HOST = "$(BUNDLE_LOADER)";
				WRAPPER_EXTENSION = xctest;
			};
			name = Debug;
		};
		CB9A7747188C5A4800D055B4 /* Release */ = {
			isa = XCBuildConfiguration;
			buildSettings = {
				ARCHS = "$(ARCHS_STANDARD_INCLUDING_64_BIT)";
				BUNDLE_LOADER = "$(BUILT_PRODUCTS_DIR)/master-up.hw.2.app/master-up.hw.2";
				FRAMEWORK_SEARCH_PATHS = (
					"$(SDKROOT)/Developer/Library/Frameworks",
					"$(inherited)",
					"$(DEVELOPER_FRAMEWORKS_DIR)",
				);
				GCC_PRECOMPILE_PREFIX_HEADER = YES;
				GCC_PREFIX_HEADER = "master-up.hw.2/master-up.hw.2-Prefix.pch";
				INFOPLIST_FILE = "master-up.hw.2Tests/master-up.hw.2Tests-Info.plist";
				PRODUCT_NAME = "$(TARGET_NAME)";
				TEST_HOST = "$(BUNDLE_LOADER)";
				WRAPPER_EXTENSION = xctest;
			};
			name = Release;
		};
/* End XCBuildConfiguration section */

/* Begin XCConfigurationList section */
		CB9A770B188C5A4800D055B4 /* Build configuration list for PBXProject "master-up.hw.2" */ = {
			isa = XCConfigurationList;
			buildConfigurations = (
				CB9A7740188C5A4800D055B4 /* Debug */,
				CB9A7741188C5A4800D055B4 /* Release */,
			);
			defaultConfigurationIsVisible = 0;
			defaultConfigurationName = Release;
		};
		CB9A7742188C5A4800D055B4 /* Build configuration list for PBXNativeTarget "master-up.hw.2" */ = {
			isa = XCConfigurationList;
			buildConfigurations = (
				CB9A7743188C5A4800D055B4 /* Debug */,
				CB9A7744188C5A4800D055B4 /* Release */,
			);
			defaultConfigurationIsVisible = 0;
			defaultConfigurationName = Release;
		};
		CB9A7745188C5A4800D055B4 /* Build configuration list for PBXNativeTarget "master-up.hw.2Tests" */ = {
			isa = XCConfigurationList;
			buildConfigurations = (
				CB9A7746188C5A4800D055B4 /* Debug */,
				CB9A7747188C5A4800D055B4 /* Release */,
			);
			defaultConfigurationIsVisible = 0;
			defaultConfigurationName = Release;
		};
/* End XCConfigurationList section */
	};
	rootObject = CB9A7708188C5A4800D055B4 /* Project object */;
}
